<?xml version="1.0" encoding="utf-8"?>
<Project ToolsVersion="16.0" xmlns="http://schemas.microsoft.com/developer/msbuild/2003">
  <ItemGroup>
    <CustomBuild Include="C:\Users\Charl\Desktop\xcube\CMakeFiles\63d599497f36d1f0841ee17fb6b16774\generate.stamp.rule">
      <Filter>CMake Rules</Filter>
    </CustomBuild>
  </ItemGroup>
  <ItemGroup>
    <Filter Include="CMake Rules">
      <UniqueIdentifier>{5FB067C6-65F2-3482-B72C-81BD708A3625}</UniqueIdentifier>
    </Filter>
  </ItemGroup>
</Project>
